// !$*UTF8*$!
{
	archiveVersion = 1;
	classes = {
	};
	objectVersion = 56;
	objects = {

/* Begin PBXBuildFile section */
		4C0444AD29894CF600DB498A /* HomeView.swift in Sources */ = {isa = PBXBuildFile; fileRef = 4C0444AC29894CF600DB498A /* HomeView.swift */; };
		4C0444AF298969D100DB498A /* ArticleView.swift in Sources */ = {isa = PBXBuildFile; fileRef = 4C0444AE298969D100DB498A /* ArticleView.swift */; };
		4C0444B1298969E000DB498A /* SynonymsView.swift in Sources */ = {isa = PBXBuildFile; fileRef = 4C0444B0298969E000DB498A /* SynonymsView.swift */; };
		4C0444B3298987B700DB498A /* GeneralView.swift in Sources */ = {isa = PBXBuildFile; fileRef = 4C0444B2298987B700DB498A /* GeneralView.swift */; };
		4C09E94329A4CF19003F5535 /* APIClient.swift in Sources */ = {isa = PBXBuildFile; fileRef = 4C09E94229A4CF18003F5535 /* APIClient.swift */; };
		4C09E94529A4CF66003F5535 /* NewsView.swift in Sources */ = {isa = PBXBuildFile; fileRef = 4C09E94429A4CF66003F5535 /* NewsView.swift */; };
		4C09E94729A4CF6A003F5535 /* NewsArticle.swift in Sources */ = {isa = PBXBuildFile; fileRef = 4C09E94629A4CF6A003F5535 /* NewsArticle.swift */; };
		4C09E94929A4D463003F5535 /* TextRecognizer.swift in Sources */ = {isa = PBXBuildFile; fileRef = 4C09E94829A4D463003F5535 /* TextRecognizer.swift */; };
		4C09E94C29A4D51E003F5535 /* ScanData.swift in Sources */ = {isa = PBXBuildFile; fileRef = 4C09E94B29A4D51E003F5535 /* ScanData.swift */; };
		4C09E94F29A4D547003F5535 /* languageToLocal.swift in Sources */ = {isa = PBXBuildFile; fileRef = 4C09E94D29A4D547003F5535 /* languageToLocal.swift */; };
		4C09E95029A4D547003F5535 /* DefaultsKeys.swift in Sources */ = {isa = PBXBuildFile; fileRef = 4C09E94E29A4D547003F5535 /* DefaultsKeys.swift */; };
		4C09E95229A4D5E8003F5535 /* MainNewsView.swift in Sources */ = {isa = PBXBuildFile; fileRef = 4C09E95129A4D5E8003F5535 /* MainNewsView.swift */; };
		4C09E95429A4D621003F5535 /* ImageAiView.swift in Sources */ = {isa = PBXBuildFile; fileRef = 4C09E95329A4D621003F5535 /* ImageAiView.swift */; };
		4C14575E29905DB800FB72D2 /* FormalMakerView.swift in Sources */ = {isa = PBXBuildFile; fileRef = 4C14575D29905DB800FB72D2 /* FormalMakerView.swift */; };
		4C14576129910EF100FB72D2 /* Localizable.strings in Resources */ = {isa = PBXBuildFile; fileRef = 4C14576329910EF100FB72D2 /* Localizable.strings */; };
		4C1B01D1298FBA9E00151D6E /* LanguageImproverView.swift in Sources */ = {isa = PBXBuildFile; fileRef = 4C1B01D0298FBA9E00151D6E /* LanguageImproverView.swift */; };
		4C1B01D7298FBAEB00151D6E /* TextFinisherView.swift in Sources */ = {isa = PBXBuildFile; fileRef = 4C1B01D6298FBAEB00151D6E /* TextFinisherView.swift */; };
		4C6A38662989443500E94E64 /* VertoAppSwiftUIApp.swift in Sources */ = {isa = PBXBuildFile; fileRef = 4C6A38652989443500E94E64 /* VertoAppSwiftUIApp.swift */; };
		4C6A38682989443500E94E64 /* ContentView.swift in Sources */ = {isa = PBXBuildFile; fileRef = 4C6A38672989443500E94E64 /* ContentView.swift */; };
		4C6A386A2989443600E94E64 /* Assets.xcassets in Resources */ = {isa = PBXBuildFile; fileRef = 4C6A38692989443600E94E64 /* Assets.xcassets */; };
		4C6A386D2989443600E94E64 /* Preview Assets.xcassets in Resources */ = {isa = PBXBuildFile; fileRef = 4C6A386C2989443600E94E64 /* Preview Assets.xcassets */; };
		4C6A3891298944F800E94E64 /* OpenAISwift in Frameworks */ = {isa = PBXBuildFile; productRef = 4C6A3890298944F800E94E64 /* OpenAISwift */; };
		550DCFAB2989A0E50083BE1F /* ChatGptViewModel.swift in Sources */ = {isa = PBXBuildFile; fileRef = 550DCFAA2989A0E50083BE1F /* ChatGptViewModel.swift */; };
		555189502991800000EF4D1E /* SettingsView.swift in Sources */ = {isa = PBXBuildFile; fileRef = 5551894F2991800000EF4D1E /* SettingsView.swift */; };
		55518952299180E200EF4D1E /* LanguagePickerView.swift in Sources */ = {isa = PBXBuildFile; fileRef = 55518951299180E200EF4D1E /* LanguagePickerView.swift */; };
		555189542991819300EF4D1E /* LightSelecterView.swift in Sources */ = {isa = PBXBuildFile; fileRef = 555189532991819300EF4D1E /* LightSelecterView.swift */; };
		555189562991836300EF4D1E /* OptionsView.swift in Sources */ = {isa = PBXBuildFile; fileRef = 555189552991836300EF4D1E /* OptionsView.swift */; };
		555189582991865B00EF4D1E /* TitleEasterEggView.swift in Sources */ = {isa = PBXBuildFile; fileRef = 555189572991865B00EF4D1E /* TitleEasterEggView.swift */; };
		5551895A2991873400EF4D1E /* OptionButtonView.swift in Sources */ = {isa = PBXBuildFile; fileRef = 555189592991873400EF4D1E /* OptionButtonView.swift */; };
		5551895C299189D100EF4D1E /* TextLanguageView.swift in Sources */ = {isa = PBXBuildFile; fileRef = 5551895B299189D100EF4D1E /* TextLanguageView.swift */; };
		55B48CAE2999B142004FDBDF /* CachedAsyncImage in Frameworks */ = {isa = PBXBuildFile; productRef = 55B48CAD2999B142004FDBDF /* CachedAsyncImage */; };
		55B48CF72999CCBE004FDBDF /* ScannerView.swift in Sources */ = {isa = PBXBuildFile; fileRef = 55B48CF62999CCBE004FDBDF /* ScannerView.swift */; };
		55EFD5E529B21C640061F0EB /* TranslateView.swift in Sources */ = {isa = PBXBuildFile; fileRef = 55EFD5E429B21C640061F0EB /* TranslateView.swift */; };
		55EFD5E729B21CEF0061F0EB /* SwiftUI Speech.swift in Sources */ = {isa = PBXBuildFile; fileRef = 55EFD5E629B21CEF0061F0EB /* SwiftUI Speech.swift */; };
/* End PBXBuildFile section */

/* Begin PBXContainerItemProxy section */
		4C6A38732989443700E94E64 /* PBXContainerItemProxy */ = {
			isa = PBXContainerItemProxy;
			containerPortal = 4C6A385A2989443500E94E64 /* Project object */;
			proxyType = 1;
			remoteGlobalIDString = 4C6A38612989443500E94E64;
			remoteInfo = VertoAppSwiftUI;
		};
		4C6A387D2989443700E94E64 /* PBXContainerItemProxy */ = {
			isa = PBXContainerItemProxy;
			containerPortal = 4C6A385A2989443500E94E64 /* Project object */;
			proxyType = 1;
			remoteGlobalIDString = 4C6A38612989443500E94E64;
			remoteInfo = VertoAppSwiftUI;
		};
/* End PBXContainerItemProxy section */

/* Begin PBXFileReference section */
		4C0444AC29894CF600DB498A /* HomeView.swift */ = {isa = PBXFileReference; lastKnownFileType = sourcecode.swift; path = HomeView.swift; sourceTree = "<group>"; };
		4C0444AE298969D100DB498A /* ArticleView.swift */ = {isa = PBXFileReference; lastKnownFileType = sourcecode.swift; path = ArticleView.swift; sourceTree = "<group>"; };
		4C0444B0298969E000DB498A /* SynonymsView.swift */ = {isa = PBXFileReference; lastKnownFileType = sourcecode.swift; path = SynonymsView.swift; sourceTree = "<group>"; };
		4C0444B2298987B700DB498A /* GeneralView.swift */ = {isa = PBXFileReference; lastKnownFileType = sourcecode.swift; path = GeneralView.swift; sourceTree = "<group>"; };
		4C09E94229A4CF18003F5535 /* APIClient.swift */ = {isa = PBXFileReference; fileEncoding = 4; lastKnownFileType = sourcecode.swift; path = APIClient.swift; sourceTree = "<group>"; };
		4C09E94429A4CF66003F5535 /* NewsView.swift */ = {isa = PBXFileReference; fileEncoding = 4; lastKnownFileType = sourcecode.swift; path = NewsView.swift; sourceTree = "<group>"; };
		4C09E94629A4CF6A003F5535 /* NewsArticle.swift */ = {isa = PBXFileReference; fileEncoding = 4; lastKnownFileType = sourcecode.swift; path = NewsArticle.swift; sourceTree = "<group>"; };
		4C09E94829A4D463003F5535 /* TextRecognizer.swift */ = {isa = PBXFileReference; fileEncoding = 4; lastKnownFileType = sourcecode.swift; path = TextRecognizer.swift; sourceTree = "<group>"; };
		4C09E94B29A4D51E003F5535 /* ScanData.swift */ = {isa = PBXFileReference; fileEncoding = 4; lastKnownFileType = sourcecode.swift; path = ScanData.swift; sourceTree = "<group>"; };
		4C09E94D29A4D547003F5535 /* languageToLocal.swift */ = {isa = PBXFileReference; fileEncoding = 4; lastKnownFileType = sourcecode.swift; path = languageToLocal.swift; sourceTree = "<group>"; };
		4C09E94E29A4D547003F5535 /* DefaultsKeys.swift */ = {isa = PBXFileReference; fileEncoding = 4; lastKnownFileType = sourcecode.swift; path = DefaultsKeys.swift; sourceTree = "<group>"; };
		4C09E95129A4D5E8003F5535 /* MainNewsView.swift */ = {isa = PBXFileReference; fileEncoding = 4; lastKnownFileType = sourcecode.swift; path = MainNewsView.swift; sourceTree = "<group>"; };
		4C09E95329A4D621003F5535 /* ImageAiView.swift */ = {isa = PBXFileReference; fileEncoding = 4; lastKnownFileType = sourcecode.swift; path = ImageAiView.swift; sourceTree = "<group>"; };
		4C14575D29905DB800FB72D2 /* FormalMakerView.swift */ = {isa = PBXFileReference; lastKnownFileType = sourcecode.swift; path = FormalMakerView.swift; sourceTree = "<group>"; };
		4C14576229910EF100FB72D2 /* en */ = {isa = PBXFileReference; lastKnownFileType = text.plist.strings; name = en; path = en.lproj/Localizable.strings; sourceTree = "<group>"; };
		4C14576429910EFB00FB72D2 /* nl */ = {isa = PBXFileReference; lastKnownFileType = text.plist.strings; name = nl; path = nl.lproj/Localizable.strings; sourceTree = "<group>"; };
		4C1B01D0298FBA9E00151D6E /* LanguageImproverView.swift */ = {isa = PBXFileReference; lastKnownFileType = sourcecode.swift; path = LanguageImproverView.swift; sourceTree = "<group>"; };
		4C1B01D6298FBAEB00151D6E /* TextFinisherView.swift */ = {isa = PBXFileReference; lastKnownFileType = sourcecode.swift; path = TextFinisherView.swift; sourceTree = "<group>"; };
		4C6A38622989443500E94E64 /* VertoAppSwiftUI.app */ = {isa = PBXFileReference; explicitFileType = wrapper.application; includeInIndex = 0; path = VertoAppSwiftUI.app; sourceTree = BUILT_PRODUCTS_DIR; };
		4C6A38652989443500E94E64 /* VertoAppSwiftUIApp.swift */ = {isa = PBXFileReference; lastKnownFileType = sourcecode.swift; path = VertoAppSwiftUIApp.swift; sourceTree = "<group>"; };
		4C6A38672989443500E94E64 /* ContentView.swift */ = {isa = PBXFileReference; lastKnownFileType = sourcecode.swift; path = ContentView.swift; sourceTree = "<group>"; };
		4C6A38692989443600E94E64 /* Assets.xcassets */ = {isa = PBXFileReference; lastKnownFileType = folder.assetcatalog; path = Assets.xcassets; sourceTree = "<group>"; };
		4C6A386C2989443600E94E64 /* Preview Assets.xcassets */ = {isa = PBXFileReference; lastKnownFileType = folder.assetcatalog; path = "Preview Assets.xcassets"; sourceTree = "<group>"; };
		4C6A38722989443700E94E64 /* VertoAppSwiftUITests.xctest */ = {isa = PBXFileReference; explicitFileType = wrapper.cfbundle; includeInIndex = 0; path = VertoAppSwiftUITests.xctest; sourceTree = BUILT_PRODUCTS_DIR; };
		4C6A387C2989443700E94E64 /* VertoAppSwiftUIUITests.xctest */ = {isa = PBXFileReference; explicitFileType = wrapper.cfbundle; includeInIndex = 0; path = VertoAppSwiftUIUITests.xctest; sourceTree = BUILT_PRODUCTS_DIR; };
		550DCFAA2989A0E50083BE1F /* ChatGptViewModel.swift */ = {isa = PBXFileReference; lastKnownFileType = sourcecode.swift; path = ChatGptViewModel.swift; sourceTree = "<group>"; };
		5551894A299179F600EF4D1E /* Info.plist */ = {isa = PBXFileReference; lastKnownFileType = text.plist; path = Info.plist; sourceTree = SOURCE_ROOT; };
		5551894F2991800000EF4D1E /* SettingsView.swift */ = {isa = PBXFileReference; lastKnownFileType = sourcecode.swift; path = SettingsView.swift; sourceTree = "<group>"; };
		55518951299180E200EF4D1E /* LanguagePickerView.swift */ = {isa = PBXFileReference; lastKnownFileType = sourcecode.swift; path = LanguagePickerView.swift; sourceTree = "<group>"; };
		555189532991819300EF4D1E /* LightSelecterView.swift */ = {isa = PBXFileReference; lastKnownFileType = sourcecode.swift; path = LightSelecterView.swift; sourceTree = "<group>"; };
		555189552991836300EF4D1E /* OptionsView.swift */ = {isa = PBXFileReference; lastKnownFileType = sourcecode.swift; path = OptionsView.swift; sourceTree = "<group>"; };
		555189572991865B00EF4D1E /* TitleEasterEggView.swift */ = {isa = PBXFileReference; lastKnownFileType = sourcecode.swift; path = TitleEasterEggView.swift; sourceTree = "<group>"; };
		555189592991873400EF4D1E /* OptionButtonView.swift */ = {isa = PBXFileReference; lastKnownFileType = sourcecode.swift; path = OptionButtonView.swift; sourceTree = "<group>"; };
		5551895B299189D100EF4D1E /* TextLanguageView.swift */ = {isa = PBXFileReference; lastKnownFileType = sourcecode.swift; path = TextLanguageView.swift; sourceTree = "<group>"; };
		55B48CF62999CCBE004FDBDF /* ScannerView.swift */ = {isa = PBXFileReference; lastKnownFileType = sourcecode.swift; path = ScannerView.swift; sourceTree = "<group>"; };
		55EFD5E429B21C640061F0EB /* TranslateView.swift */ = {isa = PBXFileReference; lastKnownFileType = sourcecode.swift; path = TranslateView.swift; sourceTree = "<group>"; };
		55EFD5E629B21CEF0061F0EB /* SwiftUI Speech.swift */ = {isa = PBXFileReference; lastKnownFileType = sourcecode.swift; path = "SwiftUI Speech.swift"; sourceTree = "<group>"; };
/* End PBXFileReference section */

/* Begin PBXFrameworksBuildPhase section */
		4C6A385F2989443500E94E64 /* Frameworks */ = {
			isa = PBXFrameworksBuildPhase;
			buildActionMask = 2147483647;
			files = (
				4C6A3891298944F800E94E64 /* OpenAISwift in Frameworks */,
				55B48CAE2999B142004FDBDF /* CachedAsyncImage in Frameworks */,
			);
			runOnlyForDeploymentPostprocessing = 0;
		};
		4C6A386F2989443700E94E64 /* Frameworks */ = {
			isa = PBXFrameworksBuildPhase;
			buildActionMask = 2147483647;
			files = (
			);
			runOnlyForDeploymentPostprocessing = 0;
		};
		4C6A38792989443700E94E64 /* Frameworks */ = {
			isa = PBXFrameworksBuildPhase;
			buildActionMask = 2147483647;
			files = (
			);
			runOnlyForDeploymentPostprocessing = 0;
		};
/* End PBXFrameworksBuildPhase section */

/* Begin PBXGroup section */
		4C0444AA29894BC800DB498A /* View */ = {
			isa = PBXGroup;
			children = (
				5551894E29917F6000EF4D1E /* PartialViews */,
				5551894D29917F1400EF4D1E /* MainViews */,
			);
			path = View;
			sourceTree = "<group>";
		};
		4C09E94A29A4D51E003F5535 /* Model */ = {
			isa = PBXGroup;
			children = (
				55EFD5E629B21CEF0061F0EB /* SwiftUI Speech.swift */,
				4C09E94B29A4D51E003F5535 /* ScanData.swift */,
				4C09E94E29A4D547003F5535 /* DefaultsKeys.swift */,
				4C09E94D29A4D547003F5535 /* languageToLocal.swift */,
			);
			path = Model;
			sourceTree = "<group>";
		};
		4C6A38592989443500E94E64 = {
			isa = PBXGroup;
			children = (
				4C6A38642989443500E94E64 /* VertoAppSwiftUI */,
				4C6A38632989443500E94E64 /* Products */,
			);
			sourceTree = "<group>";
		};
		4C6A38632989443500E94E64 /* Products */ = {
			isa = PBXGroup;
			children = (
				4C6A38622989443500E94E64 /* VertoAppSwiftUI.app */,
				4C6A38722989443700E94E64 /* VertoAppSwiftUITests.xctest */,
				4C6A387C2989443700E94E64 /* VertoAppSwiftUIUITests.xctest */,
			);
			name = Products;
			sourceTree = "<group>";
		};
		4C6A38642989443500E94E64 /* VertoAppSwiftUI */ = {
			isa = PBXGroup;
			children = (
				4C09E94A29A4D51E003F5535 /* Model */,
				5551894A299179F600EF4D1E /* Info.plist */,
				550DCFA92989A0CD0083BE1F /* ViewModel */,
				4C0444AA29894BC800DB498A /* View */,
				4C6A38652989443500E94E64 /* VertoAppSwiftUIApp.swift */,
				4C14576329910EF100FB72D2 /* Localizable.strings */,
				4C6A38692989443600E94E64 /* Assets.xcassets */,
				4C6A386B2989443600E94E64 /* Preview Content */,
			);
			path = VertoAppSwiftUI;
			sourceTree = "<group>";
		};
		4C6A386B2989443600E94E64 /* Preview Content */ = {
			isa = PBXGroup;
			children = (
				4C6A386C2989443600E94E64 /* Preview Assets.xcassets */,
			);
			path = "Preview Content";
			sourceTree = "<group>";
		};
		550DCFA92989A0CD0083BE1F /* ViewModel */ = {
			isa = PBXGroup;
			children = (
				4C09E94829A4D463003F5535 /* TextRecognizer.swift */,
				4C09E94229A4CF18003F5535 /* APIClient.swift */,
				550DCFAA2989A0E50083BE1F /* ChatGptViewModel.swift */,
			);
			path = ViewModel;
			sourceTree = "<group>";
		};
		5551894D29917F1400EF4D1E /* MainViews */ = {
			isa = PBXGroup;
			children = (
				4C09E95329A4D621003F5535 /* ImageAiView.swift */,
				4C09E95129A4D5E8003F5535 /* MainNewsView.swift */,
				4C6A38672989443500E94E64 /* ContentView.swift */,
				4C0444AC29894CF600DB498A /* HomeView.swift */,
				4C0444AE298969D100DB498A /* ArticleView.swift */,
				4C0444B0298969E000DB498A /* SynonymsView.swift */,
				4C1B01D0298FBA9E00151D6E /* LanguageImproverView.swift */,
				4C1B01D6298FBAEB00151D6E /* TextFinisherView.swift */,
				4C14575D29905DB800FB72D2 /* FormalMakerView.swift */,
				55EFD5E429B21C640061F0EB /* TranslateView.swift */,
			);
			path = MainViews;
			sourceTree = "<group>";
		};
		5551894E29917F6000EF4D1E /* PartialViews */ = {
			isa = PBXGroup;
			children = (
				4C09E94629A4CF6A003F5535 /* NewsArticle.swift */,
				4C09E94429A4CF66003F5535 /* NewsView.swift */,
				4C0444B2298987B700DB498A /* GeneralView.swift */,
				55B48CF62999CCBE004FDBDF /* ScannerView.swift */,
				5551894F2991800000EF4D1E /* SettingsView.swift */,
				55518951299180E200EF4D1E /* LanguagePickerView.swift */,
				555189532991819300EF4D1E /* LightSelecterView.swift */,
				555189552991836300EF4D1E /* OptionsView.swift */,
				555189572991865B00EF4D1E /* TitleEasterEggView.swift */,
				555189592991873400EF4D1E /* OptionButtonView.swift */,
				5551895B299189D100EF4D1E /* TextLanguageView.swift */,
			);
			path = PartialViews;
			sourceTree = "<group>";
		};
/* End PBXGroup section */

/* Begin PBXNativeTarget section */
		4C6A38612989443500E94E64 /* VertoAppSwiftUI */ = {
			isa = PBXNativeTarget;
			buildConfigurationList = 4C6A38862989443700E94E64 /* Build configuration list for PBXNativeTarget "VertoAppSwiftUI" */;
			buildPhases = (
				4C6A385E2989443500E94E64 /* Sources */,
				4C6A385F2989443500E94E64 /* Frameworks */,
				4C6A38602989443500E94E64 /* Resources */,
			);
			buildRules = (
			);
			dependencies = (
			);
			name = VertoAppSwiftUI;
			packageProductDependencies = (
				4C6A3890298944F800E94E64 /* OpenAISwift */,
				55B48CAD2999B142004FDBDF /* CachedAsyncImage */,
			);
			productName = VertoAppSwiftUI;
			productReference = 4C6A38622989443500E94E64 /* VertoAppSwiftUI.app */;
			productType = "com.apple.product-type.application";
		};
		4C6A38712989443700E94E64 /* VertoAppSwiftUITests */ = {
			isa = PBXNativeTarget;
			buildConfigurationList = 4C6A38892989443700E94E64 /* Build configuration list for PBXNativeTarget "VertoAppSwiftUITests" */;
			buildPhases = (
				4C6A386E2989443700E94E64 /* Sources */,
				4C6A386F2989443700E94E64 /* Frameworks */,
				4C6A38702989443700E94E64 /* Resources */,
			);
			buildRules = (
			);
			dependencies = (
				4C6A38742989443700E94E64 /* PBXTargetDependency */,
			);
			name = VertoAppSwiftUITests;
			productName = VertoAppSwiftUITests;
			productReference = 4C6A38722989443700E94E64 /* VertoAppSwiftUITests.xctest */;
			productType = "com.apple.product-type.bundle.unit-test";
		};
		4C6A387B2989443700E94E64 /* VertoAppSwiftUIUITests */ = {
			isa = PBXNativeTarget;
			buildConfigurationList = 4C6A388C2989443700E94E64 /* Build configuration list for PBXNativeTarget "VertoAppSwiftUIUITests" */;
			buildPhases = (
				4C6A38782989443700E94E64 /* Sources */,
				4C6A38792989443700E94E64 /* Frameworks */,
				4C6A387A2989443700E94E64 /* Resources */,
			);
			buildRules = (
			);
			dependencies = (
				4C6A387E2989443700E94E64 /* PBXTargetDependency */,
			);
			name = VertoAppSwiftUIUITests;
			productName = VertoAppSwiftUIUITests;
			productReference = 4C6A387C2989443700E94E64 /* VertoAppSwiftUIUITests.xctest */;
			productType = "com.apple.product-type.bundle.ui-testing";
		};
/* End PBXNativeTarget section */

/* Begin PBXProject section */
		4C6A385A2989443500E94E64 /* Project object */ = {
			isa = PBXProject;
			attributes = {
				BuildIndependentTargetsInParallel = 1;
				LastSwiftUpdateCheck = 1420;
				LastUpgradeCheck = 1420;
				TargetAttributes = {
					4C6A38612989443500E94E64 = {
						CreatedOnToolsVersion = 14.2;
					};
					4C6A38712989443700E94E64 = {
						CreatedOnToolsVersion = 14.2;
						TestTargetID = 4C6A38612989443500E94E64;
					};
					4C6A387B2989443700E94E64 = {
						CreatedOnToolsVersion = 14.2;
						TestTargetID = 4C6A38612989443500E94E64;
					};
				};
			};
			buildConfigurationList = 4C6A385D2989443500E94E64 /* Build configuration list for PBXProject "VertoAppSwiftUI" */;
			compatibilityVersion = "Xcode 14.0";
			developmentRegion = en;
			hasScannedForEncodings = 0;
			knownRegions = (
				en,
				Base,
				nl,
			);
			mainGroup = 4C6A38592989443500E94E64;
			packageReferences = (
				4C6A388F298944F700E94E64 /* XCRemoteSwiftPackageReference "OpenAISwift" */,
				55B48CAC2999B142004FDBDF /* XCRemoteSwiftPackageReference "swiftui-cached-async-image" */,
			);
			productRefGroup = 4C6A38632989443500E94E64 /* Products */;
			projectDirPath = "";
			projectRoot = "";
			targets = (
				4C6A38612989443500E94E64 /* VertoAppSwiftUI */,
				4C6A38712989443700E94E64 /* VertoAppSwiftUITests */,
				4C6A387B2989443700E94E64 /* VertoAppSwiftUIUITests */,
			);
		};
/* End PBXProject section */

/* Begin PBXResourcesBuildPhase section */
		4C6A38602989443500E94E64 /* Resources */ = {
			isa = PBXResourcesBuildPhase;
			buildActionMask = 2147483647;
			files = (
				4C6A386D2989443600E94E64 /* Preview Assets.xcassets in Resources */,
				4C14576129910EF100FB72D2 /* Localizable.strings in Resources */,
				4C6A386A2989443600E94E64 /* Assets.xcassets in Resources */,
			);
			runOnlyForDeploymentPostprocessing = 0;
		};
		4C6A38702989443700E94E64 /* Resources */ = {
			isa = PBXResourcesBuildPhase;
			buildActionMask = 2147483647;
			files = (
			);
			runOnlyForDeploymentPostprocessing = 0;
		};
		4C6A387A2989443700E94E64 /* Resources */ = {
			isa = PBXResourcesBuildPhase;
			buildActionMask = 2147483647;
			files = (
			);
			runOnlyForDeploymentPostprocessing = 0;
		};
/* End PBXResourcesBuildPhase section */

/* Begin PBXSourcesBuildPhase section */
		4C6A385E2989443500E94E64 /* Sources */ = {
			isa = PBXSourcesBuildPhase;
			buildActionMask = 2147483647;
			files = (
				4C0444B1298969E000DB498A /* SynonymsView.swift in Sources */,
				4C09E94F29A4D547003F5535 /* languageToLocal.swift in Sources */,
				5551895A2991873400EF4D1E /* OptionButtonView.swift in Sources */,
				4C0444AD29894CF600DB498A /* HomeView.swift in Sources */,
				4C09E94529A4CF66003F5535 /* NewsView.swift in Sources */,
				4C6A38682989443500E94E64 /* ContentView.swift in Sources */,
				4C09E95429A4D621003F5535 /* ImageAiView.swift in Sources */,
				555189562991836300EF4D1E /* OptionsView.swift in Sources */,
				55B48CF72999CCBE004FDBDF /* ScannerView.swift in Sources */,
				4C09E94729A4CF6A003F5535 /* NewsArticle.swift in Sources */,
				550DCFAB2989A0E50083BE1F /* ChatGptViewModel.swift in Sources */,
				55518952299180E200EF4D1E /* LanguagePickerView.swift in Sources */,
				4C0444B3298987B700DB498A /* GeneralView.swift in Sources */,
				4C09E94929A4D463003F5535 /* TextRecognizer.swift in Sources */,
				4C09E95229A4D5E8003F5535 /* MainNewsView.swift in Sources */,
				4C09E94C29A4D51E003F5535 /* ScanData.swift in Sources */,
				4C14575E29905DB800FB72D2 /* FormalMakerView.swift in Sources */,
				55EFD5E729B21CEF0061F0EB /* SwiftUI Speech.swift in Sources */,
				4C1B01D1298FBA9E00151D6E /* LanguageImproverView.swift in Sources */,
				5551895C299189D100EF4D1E /* TextLanguageView.swift in Sources */,
				4C09E95029A4D547003F5535 /* DefaultsKeys.swift in Sources */,
				55EFD5E529B21C640061F0EB /* TranslateView.swift in Sources */,
				555189582991865B00EF4D1E /* TitleEasterEggView.swift in Sources */,
				4C1B01D7298FBAEB00151D6E /* TextFinisherView.swift in Sources */,
				4C6A38662989443500E94E64 /* VertoAppSwiftUIApp.swift in Sources */,
				4C0444AF298969D100DB498A /* ArticleView.swift in Sources */,
				555189502991800000EF4D1E /* SettingsView.swift in Sources */,
				555189542991819300EF4D1E /* LightSelecterView.swift in Sources */,
				4C09E94329A4CF19003F5535 /* APIClient.swift in Sources */,
			);
			runOnlyForDeploymentPostprocessing = 0;
		};
		4C6A386E2989443700E94E64 /* Sources */ = {
			isa = PBXSourcesBuildPhase;
			buildActionMask = 2147483647;
			files = (
			);
			runOnlyForDeploymentPostprocessing = 0;
		};
		4C6A38782989443700E94E64 /* Sources */ = {
			isa = PBXSourcesBuildPhase;
			buildActionMask = 2147483647;
			files = (
			);
			runOnlyForDeploymentPostprocessing = 0;
		};
/* End PBXSourcesBuildPhase section */

/* Begin PBXTargetDependency section */
		4C6A38742989443700E94E64 /* PBXTargetDependency */ = {
			isa = PBXTargetDependency;
			target = 4C6A38612989443500E94E64 /* VertoAppSwiftUI */;
			targetProxy = 4C6A38732989443700E94E64 /* PBXContainerItemProxy */;
		};
		4C6A387E2989443700E94E64 /* PBXTargetDependency */ = {
			isa = PBXTargetDependency;
			target = 4C6A38612989443500E94E64 /* VertoAppSwiftUI */;
			targetProxy = 4C6A387D2989443700E94E64 /* PBXContainerItemProxy */;
		};
/* End PBXTargetDependency section */

/* Begin PBXVariantGroup section */
		4C14576329910EF100FB72D2 /* Localizable.strings */ = {
			isa = PBXVariantGroup;
			children = (
				4C14576229910EF100FB72D2 /* en */,
				4C14576429910EFB00FB72D2 /* nl */,
			);
			name = Localizable.strings;
			sourceTree = "<group>";
		};
/* End PBXVariantGroup section */

/* Begin XCBuildConfiguration section */
		4C6A38842989443700E94E64 /* Debug */ = {
			isa = XCBuildConfiguration;
			buildSettings = {
				ALWAYS_SEARCH_USER_PATHS = NO;
				CLANG_ANALYZER_NONNULL = YES;
				CLANG_ANALYZER_NUMBER_OBJECT_CONVERSION = YES_AGGRESSIVE;
				CLANG_CXX_LANGUAGE_STANDARD = "gnu++20";
				CLANG_ENABLE_MODULES = YES;
				CLANG_ENABLE_OBJC_ARC = YES;
				CLANG_ENABLE_OBJC_WEAK = YES;
				CLANG_WARN_BLOCK_CAPTURE_AUTORELEASING = YES;
				CLANG_WARN_BOOL_CONVERSION = YES;
				CLANG_WARN_COMMA = YES;
				CLANG_WARN_CONSTANT_CONVERSION = YES;
				CLANG_WARN_DEPRECATED_OBJC_IMPLEMENTATIONS = YES;
				CLANG_WARN_DIRECT_OBJC_ISA_USAGE = YES_ERROR;
				CLANG_WARN_DOCUMENTATION_COMMENTS = YES;
				CLANG_WARN_EMPTY_BODY = YES;
				CLANG_WARN_ENUM_CONVERSION = YES;
				CLANG_WARN_INFINITE_RECURSION = YES;
				CLANG_WARN_INT_CONVERSION = YES;
				CLANG_WARN_NON_LITERAL_NULL_CONVERSION = YES;
				CLANG_WARN_OBJC_IMPLICIT_RETAIN_SELF = YES;
				CLANG_WARN_OBJC_LITERAL_CONVERSION = YES;
				CLANG_WARN_OBJC_ROOT_CLASS = YES_ERROR;
				CLANG_WARN_QUOTED_INCLUDE_IN_FRAMEWORK_HEADER = YES;
				CLANG_WARN_RANGE_LOOP_ANALYSIS = YES;
				CLANG_WARN_STRICT_PROTOTYPES = YES;
				CLANG_WARN_SUSPICIOUS_MOVE = YES;
				CLANG_WARN_UNGUARDED_AVAILABILITY = YES_AGGRESSIVE;
				CLANG_WARN_UNREACHABLE_CODE = YES;
				CLANG_WARN__DUPLICATE_METHOD_MATCH = YES;
				COPY_PHASE_STRIP = NO;
				DEBUG_INFORMATION_FORMAT = dwarf;
				ENABLE_STRICT_OBJC_MSGSEND = YES;
				ENABLE_TESTABILITY = YES;
				GCC_C_LANGUAGE_STANDARD = gnu11;
				GCC_DYNAMIC_NO_PIC = NO;
				GCC_NO_COMMON_BLOCKS = YES;
				GCC_OPTIMIZATION_LEVEL = 0;
				GCC_PREPROCESSOR_DEFINITIONS = (
					"DEBUG=1",
					"$(inherited)",
				);
				GCC_WARN_64_TO_32_BIT_CONVERSION = YES;
				GCC_WARN_ABOUT_RETURN_TYPE = YES_ERROR;
				GCC_WARN_UNDECLARED_SELECTOR = YES;
				GCC_WARN_UNINITIALIZED_AUTOS = YES_AGGRESSIVE;
				GCC_WARN_UNUSED_FUNCTION = YES;
				GCC_WARN_UNUSED_VARIABLE = YES;
				IPHONEOS_DEPLOYMENT_TARGET = 16.2;
				MTL_ENABLE_DEBUG_INFO = INCLUDE_SOURCE;
				MTL_FAST_MATH = YES;
				ONLY_ACTIVE_ARCH = YES;
				SDKROOT = iphoneos;
				SWIFT_ACTIVE_COMPILATION_CONDITIONS = DEBUG;
				SWIFT_OPTIMIZATION_LEVEL = "-Onone";
			};
			name = Debug;
		};
		4C6A38852989443700E94E64 /* Release */ = {
			isa = XCBuildConfiguration;
			buildSettings = {
				ALWAYS_SEARCH_USER_PATHS = NO;
				CLANG_ANALYZER_NONNULL = YES;
				CLANG_ANALYZER_NUMBER_OBJECT_CONVERSION = YES_AGGRESSIVE;
				CLANG_CXX_LANGUAGE_STANDARD = "gnu++20";
				CLANG_ENABLE_MODULES = YES;
				CLANG_ENABLE_OBJC_ARC = YES;
				CLANG_ENABLE_OBJC_WEAK = YES;
				CLANG_WARN_BLOCK_CAPTURE_AUTORELEASING = YES;
				CLANG_WARN_BOOL_CONVERSION = YES;
				CLANG_WARN_COMMA = YES;
				CLANG_WARN_CONSTANT_CONVERSION = YES;
				CLANG_WARN_DEPRECATED_OBJC_IMPLEMENTATIONS = YES;
				CLANG_WARN_DIRECT_OBJC_ISA_USAGE = YES_ERROR;
				CLANG_WARN_DOCUMENTATION_COMMENTS = YES;
				CLANG_WARN_EMPTY_BODY = YES;
				CLANG_WARN_ENUM_CONVERSION = YES;
				CLANG_WARN_INFINITE_RECURSION = YES;
				CLANG_WARN_INT_CONVERSION = YES;
				CLANG_WARN_NON_LITERAL_NULL_CONVERSION = YES;
				CLANG_WARN_OBJC_IMPLICIT_RETAIN_SELF = YES;
				CLANG_WARN_OBJC_LITERAL_CONVERSION = YES;
				CLANG_WARN_OBJC_ROOT_CLASS = YES_ERROR;
				CLANG_WARN_QUOTED_INCLUDE_IN_FRAMEWORK_HEADER = YES;
				CLANG_WARN_RANGE_LOOP_ANALYSIS = YES;
				CLANG_WARN_STRICT_PROTOTYPES = YES;
				CLANG_WARN_SUSPICIOUS_MOVE = YES;
				CLANG_WARN_UNGUARDED_AVAILABILITY = YES_AGGRESSIVE;
				CLANG_WARN_UNREACHABLE_CODE = YES;
				CLANG_WARN__DUPLICATE_METHOD_MATCH = YES;
				COPY_PHASE_STRIP = NO;
				DEBUG_INFORMATION_FORMAT = "dwarf-with-dsym";
				ENABLE_NS_ASSERTIONS = NO;
				ENABLE_STRICT_OBJC_MSGSEND = YES;
				GCC_C_LANGUAGE_STANDARD = gnu11;
				GCC_NO_COMMON_BLOCKS = YES;
				GCC_WARN_64_TO_32_BIT_CONVERSION = YES;
				GCC_WARN_ABOUT_RETURN_TYPE = YES_ERROR;
				GCC_WARN_UNDECLARED_SELECTOR = YES;
				GCC_WARN_UNINITIALIZED_AUTOS = YES_AGGRESSIVE;
				GCC_WARN_UNUSED_FUNCTION = YES;
				GCC_WARN_UNUSED_VARIABLE = YES;
				IPHONEOS_DEPLOYMENT_TARGET = 16.2;
				MTL_ENABLE_DEBUG_INFO = NO;
				MTL_FAST_MATH = YES;
				SDKROOT = iphoneos;
				SWIFT_COMPILATION_MODE = wholemodule;
				SWIFT_OPTIMIZATION_LEVEL = "-O";
				VALIDATE_PRODUCT = YES;
			};
			name = Release;
		};
		4C6A38872989443700E94E64 /* Debug */ = {
			isa = XCBuildConfiguration;
			buildSettings = {
				ASSETCATALOG_COMPILER_APPICON_NAME = AppIcon;
				ASSETCATALOG_COMPILER_GLOBAL_ACCENT_COLOR_NAME = AccentColor;
				CODE_SIGN_STYLE = Automatic;
				CURRENT_PROJECT_VERSION = 1;
				DEVELOPMENT_ASSET_PATHS = "\"VertoAppSwiftUI/Preview Content\"";
				DEVELOPMENT_TEAM = 3DM5372VZ5;
				ENABLE_PREVIEWS = YES;
				GENERATE_INFOPLIST_FILE = YES;
				INFOPLIST_FILE = VertoAppSwiftUI/Info.plist;
				INFOPLIST_KEY_NSMicrophoneUsageDescription = "Usage of Microphone for Audio Input";
				INFOPLIST_KEY_NSSpeechRecognitionUsageDescription = "Accepting this means you are willing to have your information sent to Apple for processing";
				INFOPLIST_KEY_UIApplicationSceneManifest_Generation = YES;
				INFOPLIST_KEY_UIApplicationSupportsIndirectInputEvents = YES;
				INFOPLIST_KEY_UILaunchStoryboardName = LaunchScreenView.storyboard;
				INFOPLIST_KEY_UISupportedInterfaceOrientations_iPad = "UIInterfaceOrientationPortrait UIInterfaceOrientationPortraitUpsideDown UIInterfaceOrientationLandscapeLeft UIInterfaceOrientationLandscapeRight";
				INFOPLIST_KEY_UISupportedInterfaceOrientations_iPhone = "UIInterfaceOrientationPortrait UIInterfaceOrientationLandscapeLeft UIInterfaceOrientationLandscapeRight";
				LD_RUNPATH_SEARCH_PATHS = (
					"$(inherited)",
					"@executable_path/Frameworks",
				);
				MARKETING_VERSION = 1.0;
				PRODUCT_BUNDLE_IDENTIFIER = nl.joramkwggetters.VertoAppSwiftUI;
				PRODUCT_NAME = "$(TARGET_NAME)";
				SWIFT_EMIT_LOC_STRINGS = YES;
				SWIFT_VERSION = 5.0;
				TARGETED_DEVICE_FAMILY = "1,2";
			};
			name = Debug;
		};
		4C6A38882989443700E94E64 /* Release */ = {
			isa = XCBuildConfiguration;
			buildSettings = {
				ASSETCATALOG_COMPILER_APPICON_NAME = AppIcon;
				ASSETCATALOG_COMPILER_GLOBAL_ACCENT_COLOR_NAME = AccentColor;
				CODE_SIGN_STYLE = Automatic;
				CURRENT_PROJECT_VERSION = 1;
				DEVELOPMENT_ASSET_PATHS = "\"VertoAppSwiftUI/Preview Content\"";
				DEVELOPMENT_TEAM = 235Q5A33V6;
				ENABLE_PREVIEWS = YES;
				GENERATE_INFOPLIST_FILE = YES;
				INFOPLIST_FILE = VertoAppSwiftUI/Info.plist;
				INFOPLIST_KEY_NSMicrophoneUsageDescription = "Usage of Microphone for Audio Input";
				INFOPLIST_KEY_NSSpeechRecognitionUsageDescription = "Accepting this means you are willing to have your information sent to Apple for processing";
				INFOPLIST_KEY_UIApplicationSceneManifest_Generation = YES;
				INFOPLIST_KEY_UIApplicationSupportsIndirectInputEvents = YES;
				INFOPLIST_KEY_UILaunchStoryboardName = LaunchScreenView.storyboard;
				INFOPLIST_KEY_UISupportedInterfaceOrientations_iPad = "UIInterfaceOrientationPortrait UIInterfaceOrientationPortraitUpsideDown UIInterfaceOrientationLandscapeLeft UIInterfaceOrientationLandscapeRight";
				INFOPLIST_KEY_UISupportedInterfaceOrientations_iPhone = "UIInterfaceOrientationPortrait UIInterfaceOrientationLandscapeLeft UIInterfaceOrientationLandscapeRight";
				LD_RUNPATH_SEARCH_PATHS = (
					"$(inherited)",
					"@executable_path/Frameworks",
				);
				MARKETING_VERSION = 1.0;
				PRODUCT_BUNDLE_IDENTIFIER = nl.joramkwggetters.VertoAppSwiftUI;
				PRODUCT_NAME = "$(TARGET_NAME)";
				SWIFT_EMIT_LOC_STRINGS = YES;
				SWIFT_VERSION = 5.0;
				TARGETED_DEVICE_FAMILY = "1,2";
			};
			name = Release;
		};
		4C6A388A2989443700E94E64 /* Debug */ = {
			isa = XCBuildConfiguration;
			buildSettings = {
				ALWAYS_EMBED_SWIFT_STANDARD_LIBRARIES = YES;
				BUNDLE_LOADER = "$(TEST_HOST)";
				CODE_SIGN_STYLE = Automatic;
				CURRENT_PROJECT_VERSION = 1;
				DEVELOPMENT_TEAM = 3DM5372VZ5;
				GENERATE_INFOPLIST_FILE = YES;
				IPHONEOS_DEPLOYMENT_TARGET = 16.2;
				MARKETING_VERSION = 1.0;
				PRODUCT_BUNDLE_IDENTIFIER = nl.joramkwetters.VertoAppSwiftUITests;
				PRODUCT_NAME = "$(TARGET_NAME)";
				SWIFT_EMIT_LOC_STRINGS = NO;
				SWIFT_VERSION = 5.0;
				TARGETED_DEVICE_FAMILY = "1,2";
				TEST_HOST = "$(BUILT_PRODUCTS_DIR)/VertoAppSwiftUI.app/$(BUNDLE_EXECUTABLE_FOLDER_PATH)/VertoAppSwiftUI";
			};
			name = Debug;
		};
		4C6A388B2989443700E94E64 /* Release */ = {
			isa = XCBuildConfiguration;
			buildSettings = {
				ALWAYS_EMBED_SWIFT_STANDARD_LIBRARIES = YES;
				BUNDLE_LOADER = "$(TEST_HOST)";
				CODE_SIGN_STYLE = Automatic;
				CURRENT_PROJECT_VERSION = 1;
				DEVELOPMENT_TEAM = 3DM5372VZ5;
				GENERATE_INFOPLIST_FILE = YES;
				IPHONEOS_DEPLOYMENT_TARGET = 16.2;
				MARKETING_VERSION = 1.0;
				PRODUCT_BUNDLE_IDENTIFIER = nl.joramkwetters.VertoAppSwiftUITests;
				PRODUCT_NAME = "$(TARGET_NAME)";
				SWIFT_EMIT_LOC_STRINGS = NO;
				SWIFT_VERSION = 5.0;
				TARGETED_DEVICE_FAMILY = "1,2";
				TEST_HOST = "$(BUILT_PRODUCTS_DIR)/VertoAppSwiftUI.app/$(BUNDLE_EXECUTABLE_FOLDER_PATH)/VertoAppSwiftUI";
			};
			name = Release;
		};
		4C6A388D2989443700E94E64 /* Debug */ = {
			isa = XCBuildConfiguration;
			buildSettings = {
				ALWAYS_EMBED_SWIFT_STANDARD_LIBRARIES = YES;
				CODE_SIGN_STYLE = Automatic;
				CURRENT_PROJECT_VERSION = 1;
				DEVELOPMENT_TEAM = 3DM5372VZ5;
				GENERATE_INFOPLIST_FILE = YES;
				MARKETING_VERSION = 1.0;
				PRODUCT_BUNDLE_IDENTIFIER = nl.joramkwetters.VertoAppSwiftUIUITests;
				PRODUCT_NAME = "$(TARGET_NAME)";
				SWIFT_EMIT_LOC_STRINGS = NO;
				SWIFT_VERSION = 5.0;
				TARGETED_DEVICE_FAMILY = "1,2";
				TEST_TARGET_NAME = VertoAppSwiftUI;
			};
			name = Debug;
		};
		4C6A388E2989443700E94E64 /* Release */ = {
			isa = XCBuildConfiguration;
			buildSettings = {
				ALWAYS_EMBED_SWIFT_STANDARD_LIBRARIES = YES;
				CODE_SIGN_STYLE = Automatic;
				CURRENT_PROJECT_VERSION = 1;
				DEVELOPMENT_TEAM = 3DM5372VZ5;
				GENERATE_INFOPLIST_FILE = YES;
				MARKETING_VERSION = 1.0;
				PRODUCT_BUNDLE_IDENTIFIER = nl.joramkwetters.VertoAppSwiftUIUITests;
				PRODUCT_NAME = "$(TARGET_NAME)";
				SWIFT_EMIT_LOC_STRINGS = NO;
				SWIFT_VERSION = 5.0;
				TARGETED_DEVICE_FAMILY = "1,2";
				TEST_TARGET_NAME = VertoAppSwiftUI;
			};
			name = Release;
		};
/* End XCBuildConfiguration section */

/* Begin XCConfigurationList section */
		4C6A385D2989443500E94E64 /* Build configuration list for PBXProject "VertoAppSwiftUI" */ = {
			isa = XCConfigurationList;
			buildConfigurations = (
				4C6A38842989443700E94E64 /* Debug */,
				4C6A38852989443700E94E64 /* Release */,
			);
			defaultConfigurationIsVisible = 0;
			defaultConfigurationName = Release;
		};
		4C6A38862989443700E94E64 /* Build configuration list for PBXNativeTarget "VertoAppSwiftUI" */ = {
			isa = XCConfigurationList;
			buildConfigurations = (
				4C6A38872989443700E94E64 /* Debug */,
				4C6A38882989443700E94E64 /* Release */,
			);
			defaultConfigurationIsVisible = 0;
			defaultConfigurationName = Release;
		};
		4C6A38892989443700E94E64 /* Build configuration list for PBXNativeTarget "VertoAppSwiftUITests" */ = {
			isa = XCConfigurationList;
			buildConfigurations = (
				4C6A388A2989443700E94E64 /* Debug */,
				4C6A388B2989443700E94E64 /* Release */,
			);
			defaultConfigurationIsVisible = 0;
			defaultConfigurationName = Release;
		};
		4C6A388C2989443700E94E64 /* Build configuration list for PBXNativeTarget "VertoAppSwiftUIUITests" */ = {
			isa = XCConfigurationList;
			buildConfigurations = (
				4C6A388D2989443700E94E64 /* Debug */,
				4C6A388E2989443700E94E64 /* Release */,
			);
			defaultConfigurationIsVisible = 0;
			defaultConfigurationName = Release;
		};
/* End XCConfigurationList section */

/* Begin XCRemoteSwiftPackageReference section */
		4C6A388F298944F700E94E64 /* XCRemoteSwiftPackageReference "OpenAISwift" */ = {
			isa = XCRemoteSwiftPackageReference;
			repositoryURL = "https://github.com/adamrushy/OpenAISwift.git";
			requirement = {
				branch = main;
				kind = branch;
			};
		};
		55B48CAC2999B142004FDBDF /* XCRemoteSwiftPackageReference "swiftui-cached-async-image" */ = {
			isa = XCRemoteSwiftPackageReference;
			repositoryURL = "https://github.com/lorenzofiamingo/swiftui-cached-async-image";
			requirement = {
				kind = upToNextMajorVersion;
				minimumVersion = 2.0.0;
			};
		};
/* End XCRemoteSwiftPackageReference section */

/* Begin XCSwiftPackageProductDependency section */
		4C6A3890298944F800E94E64 /* OpenAISwift */ = {
			isa = XCSwiftPackageProductDependency;
			package = 4C6A388F298944F700E94E64 /* XCRemoteSwiftPackageReference "OpenAISwift" */;
			productName = OpenAISwift;
		};
		55B48CAD2999B142004FDBDF /* CachedAsyncImage */ = {
			isa = XCSwiftPackageProductDependency;
			package = 55B48CAC2999B142004FDBDF /* XCRemoteSwiftPackageReference "swiftui-cached-async-image" */;
			productName = CachedAsyncImage;
		};
/* End XCSwiftPackageProductDependency section */
	};
	rootObject = 4C6A385A2989443500E94E64 /* Project object */;
}
